// !$*UTF8*$!
{
	archiveVersion = 1;
	classes = {
	};
	objectVersion = 56;
	objects = {

/* Begin PBXBuildFile section */
		45D1C94B2BF45DB300462459 /* AppDelegate.swift in Sources */ = {isa = PBXBuildFile; fileRef = 45D1C94A2BF45DB300462459 /* AppDelegate.swift */; };
		45D1C94D2BF45DB300462459 /* SceneDelegate.swift in Sources */ = {isa = PBXBuildFile; fileRef = 45D1C94C2BF45DB300462459 /* SceneDelegate.swift */; };
		45D1C94F2BF45DB300462459 /* ViewController.swift in Sources */ = {isa = PBXBuildFile; fileRef = 45D1C94E2BF45DB300462459 /* ViewController.swift */; };
		45D1C9522BF45DB300462459 /* Base in Resources */ = {isa = PBXBuildFile; fileRef = 45D1C9512BF45DB300462459 /* Base */; };
		45D1C9542BF45DB500462459 /* Assets.xcassets in Resources */ = {isa = PBXBuildFile; fileRef = 45D1C9532BF45DB500462459 /* Assets.xcassets */; };
		45D1C9572BF45DB500462459 /* Base in Resources */ = {isa = PBXBuildFile; fileRef = 45D1C9562BF45DB500462459 /* Base */; };
		45D1C9622BF45DB500462459 /* MapLibreNavigationExampleUIKitAppTests.swift in Sources */ = {isa = PBXBuildFile; fileRef = 45D1C9612BF45DB500462459 /* MapLibreNavigationExampleUIKitAppTests.swift */; };
		45D1C96C2BF45DB500462459 /* MapLibreNavigationExampleUIKitAppUITests.swift in Sources */ = {isa = PBXBuildFile; fileRef = 45D1C96B2BF45DB500462459 /* MapLibreNavigationExampleUIKitAppUITests.swift */; };
		45D1C96E2BF45DB500462459 /* MapLibreNavigationExampleUIKitAppUITestsLaunchTests.swift in Sources */ = {isa = PBXBuildFile; fileRef = 45D1C96D2BF45DB500462459 /* MapLibreNavigationExampleUIKitAppUITestsLaunchTests.swift */; };
		45D1C97A2BF460DD00462459 /* MapboxNavigation in Frameworks */ = {isa = PBXBuildFile; productRef = 45D1C9792BF460DD00462459 /* MapboxNavigation */; };
		45D6B1222BF429BF0052D400 /* MapLibreNavigationExampleAppApp.swift in Sources */ = {isa = PBXBuildFile; fileRef = 45D6B1212BF429BF0052D400 /* MapLibreNavigationExampleAppApp.swift */; };
		45D6B1242BF429BF0052D400 /* ContentView.swift in Sources */ = {isa = PBXBuildFile; fileRef = 45D6B1232BF429BF0052D400 /* ContentView.swift */; };
		45D6B1262BF429C00052D400 /* Assets.xcassets in Resources */ = {isa = PBXBuildFile; fileRef = 45D6B1252BF429C00052D400 /* Assets.xcassets */; };
		45D6B1292BF429C00052D400 /* Preview Assets.xcassets in Resources */ = {isa = PBXBuildFile; fileRef = 45D6B1282BF429C00052D400 /* Preview Assets.xcassets */; };
		45D6B1332BF429C10052D400 /* MapLibreNavigationExampleAppTests.swift in Sources */ = {isa = PBXBuildFile; fileRef = 45D6B1322BF429C10052D400 /* MapLibreNavigationExampleAppTests.swift */; };
		45D6B13D2BF429C10052D400 /* MapLibreNavigationExampleAppUITests.swift in Sources */ = {isa = PBXBuildFile; fileRef = 45D6B13C2BF429C10052D400 /* MapLibreNavigationExampleAppUITests.swift */; };
		45D6B13F2BF429C10052D400 /* MapLibreNavigationExampleAppUITestsLaunchTests.swift in Sources */ = {isa = PBXBuildFile; fileRef = 45D6B13E2BF429C10052D400 /* MapLibreNavigationExampleAppUITestsLaunchTests.swift */; };
		45D6B14D2BF429F20052D400 /* MapboxNavigation in Frameworks */ = {isa = PBXBuildFile; productRef = 45D6B14C2BF429F20052D400 /* MapboxNavigation */; };
/* End PBXBuildFile section */

/* Begin PBXContainerItemProxy section */
		45D1C95E2BF45DB500462459 /* PBXContainerItemProxy */ = {
			isa = PBXContainerItemProxy;
			containerPortal = 45D6B1162BF429BF0052D400 /* Project object */;
			proxyType = 1;
			remoteGlobalIDString = 45D1C9472BF45DB300462459;
			remoteInfo = MapLibreNavigationExampleUIKitApp;
		};
		45D1C9682BF45DB500462459 /* PBXContainerItemProxy */ = {
			isa = PBXContainerItemProxy;
			containerPortal = 45D6B1162BF429BF0052D400 /* Project object */;
			proxyType = 1;
			remoteGlobalIDString = 45D1C9472BF45DB300462459;
			remoteInfo = MapLibreNavigationExampleUIKitApp;
		};
		45D6B12F2BF429C10052D400 /* PBXContainerItemProxy */ = {
			isa = PBXContainerItemProxy;
			containerPortal = 45D6B1162BF429BF0052D400 /* Project object */;
			proxyType = 1;
			remoteGlobalIDString = 45D6B11D2BF429BF0052D400;
			remoteInfo = MapLibreNavigationExampleApp;
		};
		45D6B1392BF429C10052D400 /* PBXContainerItemProxy */ = {
			isa = PBXContainerItemProxy;
			containerPortal = 45D6B1162BF429BF0052D400 /* Project object */;
			proxyType = 1;
			remoteGlobalIDString = 45D6B11D2BF429BF0052D400;
			remoteInfo = MapLibreNavigationExampleApp;
		};
/* End PBXContainerItemProxy section */

/* Begin PBXFileReference section */
		45D1C9432BF4548300462459 /* Info.plist */ = {isa = PBXFileReference; lastKnownFileType = text.plist; path = Info.plist; sourceTree = "<group>"; };
		45D1C9482BF45DB300462459 /* MapLibreNavigationExampleUIKitApp.app */ = {isa = PBXFileReference; explicitFileType = wrapper.application; includeInIndex = 0; path = MapLibreNavigationExampleUIKitApp.app; sourceTree = BUILT_PRODUCTS_DIR; };
		45D1C94A2BF45DB300462459 /* AppDelegate.swift */ = {isa = PBXFileReference; lastKnownFileType = sourcecode.swift; path = AppDelegate.swift; sourceTree = "<group>"; };
		45D1C94C2BF45DB300462459 /* SceneDelegate.swift */ = {isa = PBXFileReference; lastKnownFileType = sourcecode.swift; path = SceneDelegate.swift; sourceTree = "<group>"; };
		45D1C94E2BF45DB300462459 /* ViewController.swift */ = {isa = PBXFileReference; lastKnownFileType = sourcecode.swift; path = ViewController.swift; sourceTree = "<group>"; };
		45D1C9512BF45DB300462459 /* Base */ = {isa = PBXFileReference; lastKnownFileType = file.storyboard; name = Base; path = Base.lproj/Main.storyboard; sourceTree = "<group>"; };
		45D1C9532BF45DB500462459 /* Assets.xcassets */ = {isa = PBXFileReference; lastKnownFileType = folder.assetcatalog; path = Assets.xcassets; sourceTree = "<group>"; };
		45D1C9562BF45DB500462459 /* Base */ = {isa = PBXFileReference; lastKnownFileType = file.storyboard; name = Base; path = Base.lproj/LaunchScreen.storyboard; sourceTree = "<group>"; };
		45D1C9582BF45DB500462459 /* Info.plist */ = {isa = PBXFileReference; lastKnownFileType = text.plist.xml; path = Info.plist; sourceTree = "<group>"; };
		45D1C95D2BF45DB500462459 /* MapLibreNavigationExampleUIKitAppTests.xctest */ = {isa = PBXFileReference; explicitFileType = wrapper.cfbundle; includeInIndex = 0; path = MapLibreNavigationExampleUIKitAppTests.xctest; sourceTree = BUILT_PRODUCTS_DIR; };
		45D1C9612BF45DB500462459 /* MapLibreNavigationExampleUIKitAppTests.swift */ = {isa = PBXFileReference; lastKnownFileType = sourcecode.swift; path = MapLibreNavigationExampleUIKitAppTests.swift; sourceTree = "<group>"; };
		45D1C9672BF45DB500462459 /* MapLibreNavigationExampleUIKitAppUITests.xctest */ = {isa = PBXFileReference; explicitFileType = wrapper.cfbundle; includeInIndex = 0; path = MapLibreNavigationExampleUIKitAppUITests.xctest; sourceTree = BUILT_PRODUCTS_DIR; };
		45D1C96B2BF45DB500462459 /* MapLibreNavigationExampleUIKitAppUITests.swift */ = {isa = PBXFileReference; lastKnownFileType = sourcecode.swift; path = MapLibreNavigationExampleUIKitAppUITests.swift; sourceTree = "<group>"; };
		45D1C96D2BF45DB500462459 /* MapLibreNavigationExampleUIKitAppUITestsLaunchTests.swift */ = {isa = PBXFileReference; lastKnownFileType = sourcecode.swift; path = MapLibreNavigationExampleUIKitAppUITestsLaunchTests.swift; sourceTree = "<group>"; };
		45D6B11E2BF429BF0052D400 /* MapLibreNavigationExampleApp.app */ = {isa = PBXFileReference; explicitFileType = wrapper.application; includeInIndex = 0; path = MapLibreNavigationExampleApp.app; sourceTree = BUILT_PRODUCTS_DIR; };
		45D6B1212BF429BF0052D400 /* MapLibreNavigationExampleAppApp.swift */ = {isa = PBXFileReference; lastKnownFileType = sourcecode.swift; path = MapLibreNavigationExampleAppApp.swift; sourceTree = "<group>"; };
		45D6B1232BF429BF0052D400 /* ContentView.swift */ = {isa = PBXFileReference; lastKnownFileType = sourcecode.swift; path = ContentView.swift; sourceTree = "<group>"; };
		45D6B1252BF429C00052D400 /* Assets.xcassets */ = {isa = PBXFileReference; lastKnownFileType = folder.assetcatalog; path = Assets.xcassets; sourceTree = "<group>"; };
		45D6B1282BF429C00052D400 /* Preview Assets.xcassets */ = {isa = PBXFileReference; lastKnownFileType = folder.assetcatalog; path = "Preview Assets.xcassets"; sourceTree = "<group>"; };
		45D6B12E2BF429C10052D400 /* MapLibreNavigationExampleAppTests.xctest */ = {isa = PBXFileReference; explicitFileType = wrapper.cfbundle; includeInIndex = 0; path = MapLibreNavigationExampleAppTests.xctest; sourceTree = BUILT_PRODUCTS_DIR; };
		45D6B1322BF429C10052D400 /* MapLibreNavigationExampleAppTests.swift */ = {isa = PBXFileReference; lastKnownFileType = sourcecode.swift; path = MapLibreNavigationExampleAppTests.swift; sourceTree = "<group>"; };
		45D6B1382BF429C10052D400 /* MapLibreNavigationExampleAppUITests.xctest */ = {isa = PBXFileReference; explicitFileType = wrapper.cfbundle; includeInIndex = 0; path = MapLibreNavigationExampleAppUITests.xctest; sourceTree = BUILT_PRODUCTS_DIR; };
		45D6B13C2BF429C10052D400 /* MapLibreNavigationExampleAppUITests.swift */ = {isa = PBXFileReference; lastKnownFileType = sourcecode.swift; path = MapLibreNavigationExampleAppUITests.swift; sourceTree = "<group>"; };
		45D6B13E2BF429C10052D400 /* MapLibreNavigationExampleAppUITestsLaunchTests.swift */ = {isa = PBXFileReference; lastKnownFileType = sourcecode.swift; path = MapLibreNavigationExampleAppUITestsLaunchTests.swift; sourceTree = "<group>"; };
/* End PBXFileReference section */

/* Begin PBXFrameworksBuildPhase section */
		45D1C9452BF45DB300462459 /* Frameworks */ = {
			isa = PBXFrameworksBuildPhase;
			buildActionMask = 2147483647;
			files = (
				45D1C97A2BF460DD00462459 /* MapboxNavigation in Frameworks */,
			);
			runOnlyForDeploymentPostprocessing = 0;
		};
		45D1C95A2BF45DB500462459 /* Frameworks */ = {
			isa = PBXFrameworksBuildPhase;
			buildActionMask = 2147483647;
			files = (
			);
			runOnlyForDeploymentPostprocessing = 0;
		};
		45D1C9642BF45DB500462459 /* Frameworks */ = {
			isa = PBXFrameworksBuildPhase;
			buildActionMask = 2147483647;
			files = (
			);
			runOnlyForDeploymentPostprocessing = 0;
		};
		45D6B11B2BF429BF0052D400 /* Frameworks */ = {
			isa = PBXFrameworksBuildPhase;
			buildActionMask = 2147483647;
			files = (
				45D6B14D2BF429F20052D400 /* MapboxNavigation in Frameworks */,
			);
			runOnlyForDeploymentPostprocessing = 0;
		};
		45D6B12B2BF429C10052D400 /* Frameworks */ = {
			isa = PBXFrameworksBuildPhase;
			buildActionMask = 2147483647;
			files = (
			);
			runOnlyForDeploymentPostprocessing = 0;
		};
		45D6B1352BF429C10052D400 /* Frameworks */ = {
			isa = PBXFrameworksBuildPhase;
			buildActionMask = 2147483647;
			files = (
			);
			runOnlyForDeploymentPostprocessing = 0;
		};
/* End PBXFrameworksBuildPhase section */

/* Begin PBXGroup section */
		45D1C9492BF45DB300462459 /* MapLibreNavigationExampleUIKitApp */ = {
			isa = PBXGroup;
			children = (
				45D1C94A2BF45DB300462459 /* AppDelegate.swift */,
				45D1C94C2BF45DB300462459 /* SceneDelegate.swift */,
				45D1C94E2BF45DB300462459 /* ViewController.swift */,
				45D1C9502BF45DB300462459 /* Main.storyboard */,
				45D1C9532BF45DB500462459 /* Assets.xcassets */,
				45D1C9552BF45DB500462459 /* LaunchScreen.storyboard */,
				45D1C9582BF45DB500462459 /* Info.plist */,
			);
			path = MapLibreNavigationExampleUIKitApp;
			sourceTree = "<group>";
		};
		45D1C9602BF45DB500462459 /* MapLibreNavigationExampleUIKitAppTests */ = {
			isa = PBXGroup;
			children = (
				45D1C9612BF45DB500462459 /* MapLibreNavigationExampleUIKitAppTests.swift */,
			);
			path = MapLibreNavigationExampleUIKitAppTests;
			sourceTree = "<group>";
		};
		45D1C96A2BF45DB500462459 /* MapLibreNavigationExampleUIKitAppUITests */ = {
			isa = PBXGroup;
			children = (
				45D1C96B2BF45DB500462459 /* MapLibreNavigationExampleUIKitAppUITests.swift */,
				45D1C96D2BF45DB500462459 /* MapLibreNavigationExampleUIKitAppUITestsLaunchTests.swift */,
			);
			path = MapLibreNavigationExampleUIKitAppUITests;
			sourceTree = "<group>";
		};
		45D1C9782BF460DD00462459 /* Frameworks */ = {
			isa = PBXGroup;
			children = (
			);
			name = Frameworks;
			sourceTree = "<group>";
		};
		45D6B1152BF429BF0052D400 = {
			isa = PBXGroup;
			children = (
				45D6B1202BF429BF0052D400 /* MapLibreNavigationExampleApp */,
				45D6B1312BF429C10052D400 /* MapLibreNavigationExampleAppTests */,
				45D6B13B2BF429C10052D400 /* MapLibreNavigationExampleAppUITests */,
				45D1C9492BF45DB300462459 /* MapLibreNavigationExampleUIKitApp */,
				45D1C9602BF45DB500462459 /* MapLibreNavigationExampleUIKitAppTests */,
				45D1C96A2BF45DB500462459 /* MapLibreNavigationExampleUIKitAppUITests */,
				45D6B11F2BF429BF0052D400 /* Products */,
				45D1C9782BF460DD00462459 /* Frameworks */,
			);
			sourceTree = "<group>";
		};
		45D6B11F2BF429BF0052D400 /* Products */ = {
			isa = PBXGroup;
			children = (
				45D6B11E2BF429BF0052D400 /* MapLibreNavigationExampleApp.app */,
				45D6B12E2BF429C10052D400 /* MapLibreNavigationExampleAppTests.xctest */,
				45D6B1382BF429C10052D400 /* MapLibreNavigationExampleAppUITests.xctest */,
				45D1C9482BF45DB300462459 /* MapLibreNavigationExampleUIKitApp.app */,
				45D1C95D2BF45DB500462459 /* MapLibreNavigationExampleUIKitAppTests.xctest */,
				45D1C9672BF45DB500462459 /* MapLibreNavigationExampleUIKitAppUITests.xctest */,
			);
			name = Products;
			sourceTree = "<group>";
		};
		45D6B1202BF429BF0052D400 /* MapLibreNavigationExampleApp */ = {
			isa = PBXGroup;
			children = (
				45D1C9432BF4548300462459 /* Info.plist */,
				45D6B1212BF429BF0052D400 /* MapLibreNavigationExampleAppApp.swift */,
				45D6B1232BF429BF0052D400 /* ContentView.swift */,
				45D6B1252BF429C00052D400 /* Assets.xcassets */,
				45D6B1272BF429C00052D400 /* Preview Content */,
			);
			path = MapLibreNavigationExampleApp;
			sourceTree = "<group>";
		};
		45D6B1272BF429C00052D400 /* Preview Content */ = {
			isa = PBXGroup;
			children = (
				45D6B1282BF429C00052D400 /* Preview Assets.xcassets */,
			);
			path = "Preview Content";
			sourceTree = "<group>";
		};
		45D6B1312BF429C10052D400 /* MapLibreNavigationExampleAppTests */ = {
			isa = PBXGroup;
			children = (
				45D6B1322BF429C10052D400 /* MapLibreNavigationExampleAppTests.swift */,
			);
			path = MapLibreNavigationExampleAppTests;
			sourceTree = "<group>";
		};
		45D6B13B2BF429C10052D400 /* MapLibreNavigationExampleAppUITests */ = {
			isa = PBXGroup;
			children = (
				45D6B13C2BF429C10052D400 /* MapLibreNavigationExampleAppUITests.swift */,
				45D6B13E2BF429C10052D400 /* MapLibreNavigationExampleAppUITestsLaunchTests.swift */,
			);
			path = MapLibreNavigationExampleAppUITests;
			sourceTree = "<group>";
		};
/* End PBXGroup section */

/* Begin PBXNativeTarget section */
		45D1C9472BF45DB300462459 /* MapLibreNavigationExampleUIKitApp */ = {
			isa = PBXNativeTarget;
			buildConfigurationList = 45D1C9752BF45DB500462459 /* Build configuration list for PBXNativeTarget "MapLibreNavigationExampleUIKitApp" */;
			buildPhases = (
				45D1C9442BF45DB300462459 /* Sources */,
				45D1C9452BF45DB300462459 /* Frameworks */,
				45D1C9462BF45DB300462459 /* Resources */,
			);
			buildRules = (
			);
			dependencies = (
			);
			name = MapLibreNavigationExampleUIKitApp;
			packageProductDependencies = (
				45D1C9792BF460DD00462459 /* MapboxNavigation */,
			);
			productName = MapLibreNavigationExampleUIKitApp;
			productReference = 45D1C9482BF45DB300462459 /* MapLibreNavigationExampleUIKitApp.app */;
			productType = "com.apple.product-type.application";
		};
		45D1C95C2BF45DB500462459 /* MapLibreNavigationExampleUIKitAppTests */ = {
			isa = PBXNativeTarget;
			buildConfigurationList = 45D1C9762BF45DB500462459 /* Build configuration list for PBXNativeTarget "MapLibreNavigationExampleUIKitAppTests" */;
			buildPhases = (
				45D1C9592BF45DB500462459 /* Sources */,
				45D1C95A2BF45DB500462459 /* Frameworks */,
				45D1C95B2BF45DB500462459 /* Resources */,
			);
			buildRules = (
			);
			dependencies = (
				45D1C95F2BF45DB500462459 /* PBXTargetDependency */,
			);
			name = MapLibreNavigationExampleUIKitAppTests;
			productName = MapLibreNavigationExampleUIKitAppTests;
			productReference = 45D1C95D2BF45DB500462459 /* MapLibreNavigationExampleUIKitAppTests.xctest */;
			productType = "com.apple.product-type.bundle.unit-test";
		};
		45D1C9662BF45DB500462459 /* MapLibreNavigationExampleUIKitAppUITests */ = {
			isa = PBXNativeTarget;
			buildConfigurationList = 45D1C9772BF45DB500462459 /* Build configuration list for PBXNativeTarget "MapLibreNavigationExampleUIKitAppUITests" */;
			buildPhases = (
				45D1C9632BF45DB500462459 /* Sources */,
				45D1C9642BF45DB500462459 /* Frameworks */,
				45D1C9652BF45DB500462459 /* Resources */,
			);
			buildRules = (
			);
			dependencies = (
				45D1C9692BF45DB500462459 /* PBXTargetDependency */,
			);
			name = MapLibreNavigationExampleUIKitAppUITests;
			productName = MapLibreNavigationExampleUIKitAppUITests;
			productReference = 45D1C9672BF45DB500462459 /* MapLibreNavigationExampleUIKitAppUITests.xctest */;
			productType = "com.apple.product-type.bundle.ui-testing";
		};
		45D6B11D2BF429BF0052D400 /* MapLibreNavigationExampleApp */ = {
			isa = PBXNativeTarget;
			buildConfigurationList = 45D6B1422BF429C10052D400 /* Build configuration list for PBXNativeTarget "MapLibreNavigationExampleApp" */;
			buildPhases = (
				45D6B11A2BF429BF0052D400 /* Sources */,
				45D6B11B2BF429BF0052D400 /* Frameworks */,
				45D6B11C2BF429BF0052D400 /* Resources */,
			);
			buildRules = (
			);
			dependencies = (
			);
			name = MapLibreNavigationExampleApp;
			packageProductDependencies = (
				45D6B14C2BF429F20052D400 /* MapboxNavigation */,
			);
			productName = MapLibreNavigationExampleApp;
			productReference = 45D6B11E2BF429BF0052D400 /* MapLibreNavigationExampleApp.app */;
			productType = "com.apple.product-type.application";
		};
		45D6B12D2BF429C10052D400 /* MapLibreNavigationExampleAppTests */ = {
			isa = PBXNativeTarget;
			buildConfigurationList = 45D6B1452BF429C10052D400 /* Build configuration list for PBXNativeTarget "MapLibreNavigationExampleAppTests" */;
			buildPhases = (
				45D6B12A2BF429C10052D400 /* Sources */,
				45D6B12B2BF429C10052D400 /* Frameworks */,
				45D6B12C2BF429C10052D400 /* Resources */,
			);
			buildRules = (
			);
			dependencies = (
				45D6B1302BF429C10052D400 /* PBXTargetDependency */,
			);
			name = MapLibreNavigationExampleAppTests;
			productName = MapLibreNavigationExampleAppTests;
			productReference = 45D6B12E2BF429C10052D400 /* MapLibreNavigationExampleAppTests.xctest */;
			productType = "com.apple.product-type.bundle.unit-test";
		};
		45D6B1372BF429C10052D400 /* MapLibreNavigationExampleAppUITests */ = {
			isa = PBXNativeTarget;
			buildConfigurationList = 45D6B1482BF429C10052D400 /* Build configuration list for PBXNativeTarget "MapLibreNavigationExampleAppUITests" */;
			buildPhases = (
				45D6B1342BF429C10052D400 /* Sources */,
				45D6B1352BF429C10052D400 /* Frameworks */,
				45D6B1362BF429C10052D400 /* Resources */,
			);
			buildRules = (
			);
			dependencies = (
				45D6B13A2BF429C10052D400 /* PBXTargetDependency */,
			);
			name = MapLibreNavigationExampleAppUITests;
			productName = MapLibreNavigationExampleAppUITests;
			productReference = 45D6B1382BF429C10052D400 /* MapLibreNavigationExampleAppUITests.xctest */;
			productType = "com.apple.product-type.bundle.ui-testing";
		};
/* End PBXNativeTarget section */

/* Begin PBXProject section */
		45D6B1162BF429BF0052D400 /* Project object */ = {
			isa = PBXProject;
			attributes = {
				BuildIndependentTargetsInParallel = 1;
				LastSwiftUpdateCheck = 1530;
				LastUpgradeCheck = 1530;
				TargetAttributes = {
					45D1C9472BF45DB300462459 = {
						CreatedOnToolsVersion = 15.3;
					};
					45D1C95C2BF45DB500462459 = {
						CreatedOnToolsVersion = 15.3;
						TestTargetID = 45D1C9472BF45DB300462459;
					};
					45D1C9662BF45DB500462459 = {
						CreatedOnToolsVersion = 15.3;
						TestTargetID = 45D1C9472BF45DB300462459;
					};
					45D6B11D2BF429BF0052D400 = {
						CreatedOnToolsVersion = 15.3;
					};
					45D6B12D2BF429C10052D400 = {
						CreatedOnToolsVersion = 15.3;
						TestTargetID = 45D6B11D2BF429BF0052D400;
					};
					45D6B1372BF429C10052D400 = {
						CreatedOnToolsVersion = 15.3;
						TestTargetID = 45D6B11D2BF429BF0052D400;
					};
				};
			};
			buildConfigurationList = 45D6B1192BF429BF0052D400 /* Build configuration list for PBXProject "MapLibreNavigationExampleApp" */;
			compatibilityVersion = "Xcode 14.0";
			developmentRegion = en;
			hasScannedForEncodings = 0;
			knownRegions = (
				en,
				Base,
			);
			mainGroup = 45D6B1152BF429BF0052D400;
			packageReferences = (
				45D6B14B2BF429F20052D400 /* XCRemoteSwiftPackageReference "maplibre-navigation-ios" */,
			);
			productRefGroup = 45D6B11F2BF429BF0052D400 /* Products */;
			projectDirPath = "";
			projectRoot = "";
			targets = (
				45D6B11D2BF429BF0052D400 /* MapLibreNavigationExampleApp */,
				45D6B12D2BF429C10052D400 /* MapLibreNavigationExampleAppTests */,
				45D6B1372BF429C10052D400 /* MapLibreNavigationExampleAppUITests */,
				45D1C9472BF45DB300462459 /* MapLibreNavigationExampleUIKitApp */,
				45D1C95C2BF45DB500462459 /* MapLibreNavigationExampleUIKitAppTests */,
				45D1C9662BF45DB500462459 /* MapLibreNavigationExampleUIKitAppUITests */,
			);
		};
/* End PBXProject section */

/* Begin PBXResourcesBuildPhase section */
		45D1C9462BF45DB300462459 /* Resources */ = {
			isa = PBXResourcesBuildPhase;
			buildActionMask = 2147483647;
			files = (
				45D1C9542BF45DB500462459 /* Assets.xcassets in Resources */,
				45D1C9572BF45DB500462459 /* Base in Resources */,
				45D1C9522BF45DB300462459 /* Base in Resources */,
			);
			runOnlyForDeploymentPostprocessing = 0;
		};
		45D1C95B2BF45DB500462459 /* Resources */ = {
			isa = PBXResourcesBuildPhase;
			buildActionMask = 2147483647;
			files = (
			);
			runOnlyForDeploymentPostprocessing = 0;
		};
		45D1C9652BF45DB500462459 /* Resources */ = {
			isa = PBXResourcesBuildPhase;
			buildActionMask = 2147483647;
			files = (
			);
			runOnlyForDeploymentPostprocessing = 0;
		};
		45D6B11C2BF429BF0052D400 /* Resources */ = {
			isa = PBXResourcesBuildPhase;
			buildActionMask = 2147483647;
			files = (
				45D6B1292BF429C00052D400 /* Preview Assets.xcassets in Resources */,
				45D6B1262BF429C00052D400 /* Assets.xcassets in Resources */,
			);
			runOnlyForDeploymentPostprocessing = 0;
		};
		45D6B12C2BF429C10052D400 /* Resources */ = {
			isa = PBXResourcesBuildPhase;
			buildActionMask = 2147483647;
			files = (
			);
			runOnlyForDeploymentPostprocessing = 0;
		};
		45D6B1362BF429C10052D400 /* Resources */ = {
			isa = PBXResourcesBuildPhase;
			buildActionMask = 2147483647;
			files = (
			);
			runOnlyForDeploymentPostprocessing = 0;
		};
/* End PBXResourcesBuildPhase section */

/* Begin PBXSourcesBuildPhase section */
		45D1C9442BF45DB300462459 /* Sources */ = {
			isa = PBXSourcesBuildPhase;
			buildActionMask = 2147483647;
			files = (
				45D1C94F2BF45DB300462459 /* ViewController.swift in Sources */,
				45D1C94B2BF45DB300462459 /* AppDelegate.swift in Sources */,
				45D1C94D2BF45DB300462459 /* SceneDelegate.swift in Sources */,
			);
			runOnlyForDeploymentPostprocessing = 0;
		};
		45D1C9592BF45DB500462459 /* Sources */ = {
			isa = PBXSourcesBuildPhase;
			buildActionMask = 2147483647;
			files = (
				45D1C9622BF45DB500462459 /* MapLibreNavigationExampleUIKitAppTests.swift in Sources */,
			);
			runOnlyForDeploymentPostprocessing = 0;
		};
		45D1C9632BF45DB500462459 /* Sources */ = {
			isa = PBXSourcesBuildPhase;
			buildActionMask = 2147483647;
			files = (
				45D1C96E2BF45DB500462459 /* MapLibreNavigationExampleUIKitAppUITestsLaunchTests.swift in Sources */,
				45D1C96C2BF45DB500462459 /* MapLibreNavigationExampleUIKitAppUITests.swift in Sources */,
			);
			runOnlyForDeploymentPostprocessing = 0;
		};
		45D6B11A2BF429BF0052D400 /* Sources */ = {
			isa = PBXSourcesBuildPhase;
			buildActionMask = 2147483647;
			files = (
				45D6B1242BF429BF0052D400 /* ContentView.swift in Sources */,
				45D6B1222BF429BF0052D400 /* MapLibreNavigationExampleAppApp.swift in Sources */,
			);
			runOnlyForDeploymentPostprocessing = 0;
		};
		45D6B12A2BF429C10052D400 /* Sources */ = {
			isa = PBXSourcesBuildPhase;
			buildActionMask = 2147483647;
			files = (
				45D6B1332BF429C10052D400 /* MapLibreNavigationExampleAppTests.swift in Sources */,
			);
			runOnlyForDeploymentPostprocessing = 0;
		};
		45D6B1342BF429C10052D400 /* Sources */ = {
			isa = PBXSourcesBuildPhase;
			buildActionMask = 2147483647;
			files = (
				45D6B13D2BF429C10052D400 /* MapLibreNavigationExampleAppUITests.swift in Sources */,
				45D6B13F2BF429C10052D400 /* MapLibreNavigationExampleAppUITestsLaunchTests.swift in Sources */,
			);
			runOnlyForDeploymentPostprocessing = 0;
		};
/* End PBXSourcesBuildPhase section */

/* Begin PBXTargetDependency section */
		45D1C95F2BF45DB500462459 /* PBXTargetDependency */ = {
			isa = PBXTargetDependency;
			target = 45D1C9472BF45DB300462459 /* MapLibreNavigationExampleUIKitApp */;
			targetProxy = 45D1C95E2BF45DB500462459 /* PBXContainerItemProxy */;
		};
		45D1C9692BF45DB500462459 /* PBXTargetDependency */ = {
			isa = PBXTargetDependency;
			target = 45D1C9472BF45DB300462459 /* MapLibreNavigationExampleUIKitApp */;
			targetProxy = 45D1C9682BF45DB500462459 /* PBXContainerItemProxy */;
		};
		45D6B1302BF429C10052D400 /* PBXTargetDependency */ = {
			isa = PBXTargetDependency;
			target = 45D6B11D2BF429BF0052D400 /* MapLibreNavigationExampleApp */;
			targetProxy = 45D6B12F2BF429C10052D400 /* PBXContainerItemProxy */;
		};
		45D6B13A2BF429C10052D400 /* PBXTargetDependency */ = {
			isa = PBXTargetDependency;
			target = 45D6B11D2BF429BF0052D400 /* MapLibreNavigationExampleApp */;
			targetProxy = 45D6B1392BF429C10052D400 /* PBXContainerItemProxy */;
		};
/* End PBXTargetDependency section */

/* Begin PBXVariantGroup section */
		45D1C9502BF45DB300462459 /* Main.storyboard */ = {
			isa = PBXVariantGroup;
			children = (
				45D1C9512BF45DB300462459 /* Base */,
			);
			name = Main.storyboard;
			sourceTree = "<group>";
		};
		45D1C9552BF45DB500462459 /* LaunchScreen.storyboard */ = {
			isa = PBXVariantGroup;
			children = (
				45D1C9562BF45DB500462459 /* Base */,
			);
			name = LaunchScreen.storyboard;
			sourceTree = "<group>";
		};
/* End PBXVariantGroup section */

/* Begin XCBuildConfiguration section */
		45D1C96F2BF45DB500462459 /* Debug */ = {
			isa = XCBuildConfiguration;
			buildSettings = {
				ASSETCATALOG_COMPILER_APPICON_NAME = AppIcon;
				ASSETCATALOG_COMPILER_GLOBAL_ACCENT_COLOR_NAME = AccentColor;
				CODE_SIGN_STYLE = Automatic;
				CURRENT_PROJECT_VERSION = 1;
				GENERATE_INFOPLIST_FILE = YES;
				INFOPLIST_FILE = MapLibreNavigationExampleUIKitApp/Info.plist;
				INFOPLIST_KEY_NSLocationWhenInUseUsageDescription = "Your location is used to show your position on the map.";
				INFOPLIST_KEY_UIApplicationSupportsIndirectInputEvents = YES;
				INFOPLIST_KEY_UILaunchStoryboardName = LaunchScreen;
				INFOPLIST_KEY_UIMainStoryboardFile = Main;
				INFOPLIST_KEY_UISupportedInterfaceOrientations_iPad = "UIInterfaceOrientationPortrait UIInterfaceOrientationPortraitUpsideDown UIInterfaceOrientationLandscapeLeft UIInterfaceOrientationLandscapeRight";
				INFOPLIST_KEY_UISupportedInterfaceOrientations_iPhone = "UIInterfaceOrientationPortrait UIInterfaceOrientationLandscapeLeft UIInterfaceOrientationLandscapeRight";
				LD_RUNPATH_SEARCH_PATHS = (
					"$(inherited)",
					"@executable_path/Frameworks",
				);
				MARKETING_VERSION = 1.0;
				PRODUCT_BUNDLE_IDENTIFIER = earth.maps.MapLibreNavigationExampleUIKitApp;
				PRODUCT_NAME = "$(TARGET_NAME)";
				SWIFT_EMIT_LOC_STRINGS = YES;
				SWIFT_VERSION = 5.0;
				TARGETED_DEVICE_FAMILY = "1,2";
			};
			name = Debug;
		};
		45D1C9702BF45DB500462459 /* Release */ = {
			isa = XCBuildConfiguration;
			buildSettings = {
				ASSETCATALOG_COMPILER_APPICON_NAME = AppIcon;
				ASSETCATALOG_COMPILER_GLOBAL_ACCENT_COLOR_NAME = AccentColor;
				CODE_SIGN_STYLE = Automatic;
				CURRENT_PROJECT_VERSION = 1;
				GENERATE_INFOPLIST_FILE = YES;
				INFOPLIST_FILE = MapLibreNavigationExampleUIKitApp/Info.plist;
				INFOPLIST_KEY_NSLocationWhenInUseUsageDescription = "Your location is used to show your position on the map.";
				INFOPLIST_KEY_UIApplicationSupportsIndirectInputEvents = YES;
				INFOPLIST_KEY_UILaunchStoryboardName = LaunchScreen;
				INFOPLIST_KEY_UIMainStoryboardFile = Main;
				INFOPLIST_KEY_UISupportedInterfaceOrientations_iPad = "UIInterfaceOrientationPortrait UIInterfaceOrientationPortraitUpsideDown UIInterfaceOrientationLandscapeLeft UIInterfaceOrientationLandscapeRight";
				INFOPLIST_KEY_UISupportedInterfaceOrientations_iPhone = "UIInterfaceOrientationPortrait UIInterfaceOrientationLandscapeLeft UIInterfaceOrientationLandscapeRight";
				LD_RUNPATH_SEARCH_PATHS = (
					"$(inherited)",
					"@executable_path/Frameworks",
				);
				MARKETING_VERSION = 1.0;
				PRODUCT_BUNDLE_IDENTIFIER = earth.maps.MapLibreNavigationExampleUIKitApp;
				PRODUCT_NAME = "$(TARGET_NAME)";
				SWIFT_EMIT_LOC_STRINGS = YES;
				SWIFT_VERSION = 5.0;
				TARGETED_DEVICE_FAMILY = "1,2";
			};
			name = Release;
		};
		45D1C9712BF45DB500462459 /* Debug */ = {
			isa = XCBuildConfiguration;
			buildSettings = {
				ALWAYS_EMBED_SWIFT_STANDARD_LIBRARIES = YES;
				BUNDLE_LOADER = "$(TEST_HOST)";
				CODE_SIGN_STYLE = Automatic;
				CURRENT_PROJECT_VERSION = 1;
				GENERATE_INFOPLIST_FILE = YES;
				IPHONEOS_DEPLOYMENT_TARGET = 17.4;
				MARKETING_VERSION = 1.0;
				PRODUCT_BUNDLE_IDENTIFIER = earth.maps.MapLibreNavigationExampleUIKitAppTests;
				PRODUCT_NAME = "$(TARGET_NAME)";
				SWIFT_EMIT_LOC_STRINGS = NO;
				SWIFT_VERSION = 5.0;
				TARGETED_DEVICE_FAMILY = "1,2";
				TEST_HOST = "$(BUILT_PRODUCTS_DIR)/MapLibreNavigationExampleUIKitApp.app/$(BUNDLE_EXECUTABLE_FOLDER_PATH)/MapLibreNavigationExampleUIKitApp";
			};
			name = Debug;
		};
		45D1C9722BF45DB500462459 /* Release */ = {
			isa = XCBuildConfiguration;
			buildSettings = {
				ALWAYS_EMBED_SWIFT_STANDARD_LIBRARIES = YES;
				BUNDLE_LOADER = "$(TEST_HOST)";
				CODE_SIGN_STYLE = Automatic;
				CURRENT_PROJECT_VERSION = 1;
				GENERATE_INFOPLIST_FILE = YES;
				IPHONEOS_DEPLOYMENT_TARGET = 17.4;
				MARKETING_VERSION = 1.0;
				PRODUCT_BUNDLE_IDENTIFIER = earth.maps.MapLibreNavigationExampleUIKitAppTests;
				PRODUCT_NAME = "$(TARGET_NAME)";
				SWIFT_EMIT_LOC_STRINGS = NO;
				SWIFT_VERSION = 5.0;
				TARGETED_DEVICE_FAMILY = "1,2";
				TEST_HOST = "$(BUILT_PRODUCTS_DIR)/MapLibreNavigationExampleUIKitApp.app/$(BUNDLE_EXECUTABLE_FOLDER_PATH)/MapLibreNavigationExampleUIKitApp";
			};
			name = Release;
		};
		45D1C9732BF45DB500462459 /* Debug */ = {
			isa = XCBuildConfiguration;
			buildSettings = {
				ALWAYS_EMBED_SWIFT_STANDARD_LIBRARIES = YES;
				CODE_SIGN_STYLE = Automatic;
				CURRENT_PROJECT_VERSION = 1;
				GENERATE_INFOPLIST_FILE = YES;
				MARKETING_VERSION = 1.0;
				PRODUCT_BUNDLE_IDENTIFIER = earth.maps.MapLibreNavigationExampleUIKitAppUITests;
				PRODUCT_NAME = "$(TARGET_NAME)";
				SWIFT_EMIT_LOC_STRINGS = NO;
				SWIFT_VERSION = 5.0;
				TARGETED_DEVICE_FAMILY = "1,2";
				TEST_TARGET_NAME = MapLibreNavigationExampleUIKitApp;
			};
			name = Debug;
		};
		45D1C9742BF45DB500462459 /* Release */ = {
			isa = XCBuildConfiguration;
			buildSettings = {
				ALWAYS_EMBED_SWIFT_STANDARD_LIBRARIES = YES;
				CODE_SIGN_STYLE = Automatic;
				CURRENT_PROJECT_VERSION = 1;
				GENERATE_INFOPLIST_FILE = YES;
				MARKETING_VERSION = 1.0;
				PRODUCT_BUNDLE_IDENTIFIER = earth.maps.MapLibreNavigationExampleUIKitAppUITests;
				PRODUCT_NAME = "$(TARGET_NAME)";
				SWIFT_EMIT_LOC_STRINGS = NO;
				SWIFT_VERSION = 5.0;
				TARGETED_DEVICE_FAMILY = "1,2";
				TEST_TARGET_NAME = MapLibreNavigationExampleUIKitApp;
			};
			name = Release;
		};
		45D6B1402BF429C10052D400 /* Debug */ = {
			isa = XCBuildConfiguration;
			buildSettings = {
				ALWAYS_SEARCH_USER_PATHS = NO;
				ASSETCATALOG_COMPILER_GENERATE_SWIFT_ASSET_SYMBOL_EXTENSIONS = YES;
				CLANG_ANALYZER_NONNULL = YES;
				CLANG_ANALYZER_NUMBER_OBJECT_CONVERSION = YES_AGGRESSIVE;
				CLANG_CXX_LANGUAGE_STANDARD = "gnu++20";
				CLANG_ENABLE_MODULES = YES;
				CLANG_ENABLE_OBJC_ARC = YES;
				CLANG_ENABLE_OBJC_WEAK = YES;
				CLANG_WARN_BLOCK_CAPTURE_AUTORELEASING = YES;
				CLANG_WARN_BOOL_CONVERSION = YES;
				CLANG_WARN_COMMA = YES;
				CLANG_WARN_CONSTANT_CONVERSION = YES;
				CLANG_WARN_DEPRECATED_OBJC_IMPLEMENTATIONS = YES;
				CLANG_WARN_DIRECT_OBJC_ISA_USAGE = YES_ERROR;
				CLANG_WARN_DOCUMENTATION_COMMENTS = YES;
				CLANG_WARN_EMPTY_BODY = YES;
				CLANG_WARN_ENUM_CONVERSION = YES;
				CLANG_WARN_INFINITE_RECURSION = YES;
				CLANG_WARN_INT_CONVERSION = YES;
				CLANG_WARN_NON_LITERAL_NULL_CONVERSION = YES;
				CLANG_WARN_OBJC_IMPLICIT_RETAIN_SELF = YES;
				CLANG_WARN_OBJC_LITERAL_CONVERSION = YES;
				CLANG_WARN_OBJC_ROOT_CLASS = YES_ERROR;
				CLANG_WARN_QUOTED_INCLUDE_IN_FRAMEWORK_HEADER = YES;
				CLANG_WARN_RANGE_LOOP_ANALYSIS = YES;
				CLANG_WARN_STRICT_PROTOTYPES = YES;
				CLANG_WARN_SUSPICIOUS_MOVE = YES;
				CLANG_WARN_UNGUARDED_AVAILABILITY = YES_AGGRESSIVE;
				CLANG_WARN_UNREACHABLE_CODE = YES;
				CLANG_WARN__DUPLICATE_METHOD_MATCH = YES;
				COPY_PHASE_STRIP = NO;
				DEBUG_INFORMATION_FORMAT = dwarf;
				ENABLE_STRICT_OBJC_MSGSEND = YES;
				ENABLE_TESTABILITY = YES;
				ENABLE_USER_SCRIPT_SANDBOXING = YES;
				GCC_C_LANGUAGE_STANDARD = gnu17;
				GCC_DYNAMIC_NO_PIC = NO;
				GCC_NO_COMMON_BLOCKS = YES;
				GCC_OPTIMIZATION_LEVEL = 0;
				GCC_PREPROCESSOR_DEFINITIONS = (
					"DEBUG=1",
					"$(inherited)",
				);
				GCC_WARN_64_TO_32_BIT_CONVERSION = YES;
				GCC_WARN_ABOUT_RETURN_TYPE = YES_ERROR;
				GCC_WARN_UNDECLARED_SELECTOR = YES;
				GCC_WARN_UNINITIALIZED_AUTOS = YES_AGGRESSIVE;
				GCC_WARN_UNUSED_FUNCTION = YES;
				GCC_WARN_UNUSED_VARIABLE = YES;
				IPHONEOS_DEPLOYMENT_TARGET = 17.4;
				LOCALIZATION_PREFERS_STRING_CATALOGS = YES;
				MTL_ENABLE_DEBUG_INFO = INCLUDE_SOURCE;
				MTL_FAST_MATH = YES;
				ONLY_ACTIVE_ARCH = YES;
				SDKROOT = iphoneos;
				SWIFT_ACTIVE_COMPILATION_CONDITIONS = "DEBUG $(inherited)";
				SWIFT_OPTIMIZATION_LEVEL = "-Onone";
			};
			name = Debug;
		};
		45D6B1412BF429C10052D400 /* Release */ = {
			isa = XCBuildConfiguration;
			buildSettings = {
				ALWAYS_SEARCH_USER_PATHS = NO;
				ASSETCATALOG_COMPILER_GENERATE_SWIFT_ASSET_SYMBOL_EXTENSIONS = YES;
				CLANG_ANALYZER_NONNULL = YES;
				CLANG_ANALYZER_NUMBER_OBJECT_CONVERSION = YES_AGGRESSIVE;
				CLANG_CXX_LANGUAGE_STANDARD = "gnu++20";
				CLANG_ENABLE_MODULES = YES;
				CLANG_ENABLE_OBJC_ARC = YES;
				CLANG_ENABLE_OBJC_WEAK = YES;
				CLANG_WARN_BLOCK_CAPTURE_AUTORELEASING = YES;
				CLANG_WARN_BOOL_CONVERSION = YES;
				CLANG_WARN_COMMA = YES;
				CLANG_WARN_CONSTANT_CONVERSION = YES;
				CLANG_WARN_DEPRECATED_OBJC_IMPLEMENTATIONS = YES;
				CLANG_WARN_DIRECT_OBJC_ISA_USAGE = YES_ERROR;
				CLANG_WARN_DOCUMENTATION_COMMENTS = YES;
				CLANG_WARN_EMPTY_BODY = YES;
				CLANG_WARN_ENUM_CONVERSION = YES;
				CLANG_WARN_INFINITE_RECURSION = YES;
				CLANG_WARN_INT_CONVERSION = YES;
				CLANG_WARN_NON_LITERAL_NULL_CONVERSION = YES;
				CLANG_WARN_OBJC_IMPLICIT_RETAIN_SELF = YES;
				CLANG_WARN_OBJC_LITERAL_CONVERSION = YES;
				CLANG_WARN_OBJC_ROOT_CLASS = YES_ERROR;
				CLANG_WARN_QUOTED_INCLUDE_IN_FRAMEWORK_HEADER = YES;
				CLANG_WARN_RANGE_LOOP_ANALYSIS = YES;
				CLANG_WARN_STRICT_PROTOTYPES = YES;
				CLANG_WARN_SUSPICIOUS_MOVE = YES;
				CLANG_WARN_UNGUARDED_AVAILABILITY = YES_AGGRESSIVE;
				CLANG_WARN_UNREACHABLE_CODE = YES;
				CLANG_WARN__DUPLICATE_METHOD_MATCH = YES;
				COPY_PHASE_STRIP = NO;
				DEBUG_INFORMATION_FORMAT = "dwarf-with-dsym";
				ENABLE_NS_ASSERTIONS = NO;
				ENABLE_STRICT_OBJC_MSGSEND = YES;
				ENABLE_USER_SCRIPT_SANDBOXING = YES;
				GCC_C_LANGUAGE_STANDARD = gnu17;
				GCC_NO_COMMON_BLOCKS = YES;
				GCC_WARN_64_TO_32_BIT_CONVERSION = YES;
				GCC_WARN_ABOUT_RETURN_TYPE = YES_ERROR;
				GCC_WARN_UNDECLARED_SELECTOR = YES;
				GCC_WARN_UNINITIALIZED_AUTOS = YES_AGGRESSIVE;
				GCC_WARN_UNUSED_FUNCTION = YES;
				GCC_WARN_UNUSED_VARIABLE = YES;
				IPHONEOS_DEPLOYMENT_TARGET = 17.4;
				LOCALIZATION_PREFERS_STRING_CATALOGS = YES;
				MTL_ENABLE_DEBUG_INFO = NO;
				MTL_FAST_MATH = YES;
				SDKROOT = iphoneos;
				SWIFT_COMPILATION_MODE = wholemodule;
				VALIDATE_PRODUCT = YES;
			};
			name = Release;
		};
		45D6B1432BF429C10052D400 /* Debug */ = {
			isa = XCBuildConfiguration;
			buildSettings = {
				ASSETCATALOG_COMPILER_APPICON_NAME = AppIcon;
				ASSETCATALOG_COMPILER_GLOBAL_ACCENT_COLOR_NAME = AccentColor;
				CODE_SIGN_STYLE = Automatic;
				CURRENT_PROJECT_VERSION = 1;
				DEVELOPMENT_ASSET_PATHS = "\"MapLibreNavigationExampleApp/Preview Content\"";
				ENABLE_PREVIEWS = YES;
				GENERATE_INFOPLIST_FILE = YES;
				INFOPLIST_FILE = MapLibreNavigationExampleApp/Info.plist;
				INFOPLIST_KEY_NSLocationWhenInUseUsageDescription = "Your location is needed to show your position on the map.";
				INFOPLIST_KEY_UIApplicationSceneManifest_Generation = YES;
				INFOPLIST_KEY_UIApplicationSupportsIndirectInputEvents = YES;
				INFOPLIST_KEY_UILaunchScreen_Generation = YES;
				INFOPLIST_KEY_UISupportedInterfaceOrientations_iPad = "UIInterfaceOrientationPortrait UIInterfaceOrientationPortraitUpsideDown UIInterfaceOrientationLandscapeLeft UIInterfaceOrientationLandscapeRight";
				INFOPLIST_KEY_UISupportedInterfaceOrientations_iPhone = "UIInterfaceOrientationPortrait UIInterfaceOrientationLandscapeLeft UIInterfaceOrientationLandscapeRight";
				LD_RUNPATH_SEARCH_PATHS = (
					"$(inherited)",
					"@executable_path/Frameworks",
				);
				MARKETING_VERSION = 1.0;
				PRODUCT_BUNDLE_IDENTIFIER = earth.maps.MapLibreNavigationExampleApp;
				PRODUCT_NAME = "$(TARGET_NAME)";
				SWIFT_EMIT_LOC_STRINGS = YES;
				SWIFT_VERSION = 5.0;
				TARGETED_DEVICE_FAMILY = "1,2";
			};
			name = Debug;
		};
		45D6B1442BF429C10052D400 /* Release */ = {
			isa = XCBuildConfiguration;
			buildSettings = {
				ASSETCATALOG_COMPILER_APPICON_NAME = AppIcon;
				ASSETCATALOG_COMPILER_GLOBAL_ACCENT_COLOR_NAME = AccentColor;
				CODE_SIGN_STYLE = Automatic;
				CURRENT_PROJECT_VERSION = 1;
				DEVELOPMENT_ASSET_PATHS = "\"MapLibreNavigationExampleApp/Preview Content\"";
				ENABLE_PREVIEWS = YES;
				GENERATE_INFOPLIST_FILE = YES;
				INFOPLIST_FILE = MapLibreNavigationExampleApp/Info.plist;
				INFOPLIST_KEY_NSLocationWhenInUseUsageDescription = "Your location is needed to show your position on the map.";
				INFOPLIST_KEY_UIApplicationSceneManifest_Generation = YES;
				INFOPLIST_KEY_UIApplicationSupportsIndirectInputEvents = YES;
				INFOPLIST_KEY_UILaunchScreen_Generation = YES;
				INFOPLIST_KEY_UISupportedInterfaceOrientations_iPad = "UIInterfaceOrientationPortrait UIInterfaceOrientationPortraitUpsideDown UIInterfaceOrientationLandscapeLeft UIInterfaceOrientationLandscapeRight";
				INFOPLIST_KEY_UISupportedInterfaceOrientations_iPhone = "UIInterfaceOrientationPortrait UIInterfaceOrientationLandscapeLeft UIInterfaceOrientationLandscapeRight";
				LD_RUNPATH_SEARCH_PATHS = (
					"$(inherited)",
					"@executable_path/Frameworks",
				);
				MARKETING_VERSION = 1.0;
				PRODUCT_BUNDLE_IDENTIFIER = earth.maps.MapLibreNavigationExampleApp;
				PRODUCT_NAME = "$(TARGET_NAME)";
				SWIFT_EMIT_LOC_STRINGS = YES;
				SWIFT_VERSION = 5.0;
				TARGETED_DEVICE_FAMILY = "1,2";
			};
			name = Release;
		};
		45D6B1462BF429C10052D400 /* Debug */ = {
			isa = XCBuildConfiguration;
			buildSettings = {
				ALWAYS_EMBED_SWIFT_STANDARD_LIBRARIES = YES;
				BUNDLE_LOADER = "$(TEST_HOST)";
				CODE_SIGN_STYLE = Automatic;
				CURRENT_PROJECT_VERSION = 1;
				GENERATE_INFOPLIST_FILE = YES;
				IPHONEOS_DEPLOYMENT_TARGET = 17.4;
				MARKETING_VERSION = 1.0;
				PRODUCT_BUNDLE_IDENTIFIER = earth.maps.MapLibreNavigationExampleAppTests;
				PRODUCT_NAME = "$(TARGET_NAME)";
				SWIFT_EMIT_LOC_STRINGS = NO;
				SWIFT_VERSION = 5.0;
				TARGETED_DEVICE_FAMILY = "1,2";
				TEST_HOST = "$(BUILT_PRODUCTS_DIR)/MapLibreNavigationExampleApp.app/$(BUNDLE_EXECUTABLE_FOLDER_PATH)/MapLibreNavigationExampleApp";
			};
			name = Debug;
		};
		45D6B1472BF429C10052D400 /* Release */ = {
			isa = XCBuildConfiguration;
			buildSettings = {
				ALWAYS_EMBED_SWIFT_STANDARD_LIBRARIES = YES;
				BUNDLE_LOADER = "$(TEST_HOST)";
				CODE_SIGN_STYLE = Automatic;
				CURRENT_PROJECT_VERSION = 1;
				GENERATE_INFOPLIST_FILE = YES;
				IPHONEOS_DEPLOYMENT_TARGET = 17.4;
				MARKETING_VERSION = 1.0;
				PRODUCT_BUNDLE_IDENTIFIER = earth.maps.MapLibreNavigationExampleAppTests;
				PRODUCT_NAME = "$(TARGET_NAME)";
				SWIFT_EMIT_LOC_STRINGS = NO;
				SWIFT_VERSION = 5.0;
				TARGETED_DEVICE_FAMILY = "1,2";
				TEST_HOST = "$(BUILT_PRODUCTS_DIR)/MapLibreNavigationExampleApp.app/$(BUNDLE_EXECUTABLE_FOLDER_PATH)/MapLibreNavigationExampleApp";
			};
			name = Release;
		};
		45D6B1492BF429C10052D400 /* Debug */ = {
			isa = XCBuildConfiguration;
			buildSettings = {
				ALWAYS_EMBED_SWIFT_STANDARD_LIBRARIES = YES;
				CODE_SIGN_STYLE = Automatic;
				CURRENT_PROJECT_VERSION = 1;
				GENERATE_INFOPLIST_FILE = YES;
				MARKETING_VERSION = 1.0;
				PRODUCT_BUNDLE_IDENTIFIER = earth.maps.MapLibreNavigationExampleAppUITests;
				PRODUCT_NAME = "$(TARGET_NAME)";
				SWIFT_EMIT_LOC_STRINGS = NO;
				SWIFT_VERSION = 5.0;
				TARGETED_DEVICE_FAMILY = "1,2";
				TEST_TARGET_NAME = MapLibreNavigationExampleApp;
			};
			name = Debug;
		};
		45D6B14A2BF429C10052D400 /* Release */ = {
			isa = XCBuildConfiguration;
			buildSettings = {
				ALWAYS_EMBED_SWIFT_STANDARD_LIBRARIES = YES;
				CODE_SIGN_STYLE = Automatic;
				CURRENT_PROJECT_VERSION = 1;
				GENERATE_INFOPLIST_FILE = YES;
				MARKETING_VERSION = 1.0;
				PRODUCT_BUNDLE_IDENTIFIER = earth.maps.MapLibreNavigationExampleAppUITests;
				PRODUCT_NAME = "$(TARGET_NAME)";
				SWIFT_EMIT_LOC_STRINGS = NO;
				SWIFT_VERSION = 5.0;
				TARGETED_DEVICE_FAMILY = "1,2";
				TEST_TARGET_NAME = MapLibreNavigationExampleApp;
			};
			name = Release;
		};
/* End XCBuildConfiguration section */

/* Begin XCConfigurationList section */
		45D1C9752BF45DB500462459 /* Build configuration list for PBXNativeTarget "MapLibreNavigationExampleUIKitApp" */ = {
			isa = XCConfigurationList;
			buildConfigurations = (
				45D1C96F2BF45DB500462459 /* Debug */,
				45D1C9702BF45DB500462459 /* Release */,
			);
			defaultConfigurationIsVisible = 0;
			defaultConfigurationName = Release;
		};
		45D1C9762BF45DB500462459 /* Build configuration list for PBXNativeTarget "MapLibreNavigationExampleUIKitAppTests" */ = {
			isa = XCConfigurationList;
			buildConfigurations = (
				45D1C9712BF45DB500462459 /* Debug */,
				45D1C9722BF45DB500462459 /* Release */,
			);
			defaultConfigurationIsVisible = 0;
			defaultConfigurationName = Release;
		};
		45D1C9772BF45DB500462459 /* Build configuration list for PBXNativeTarget "MapLibreNavigationExampleUIKitAppUITests" */ = {
			isa = XCConfigurationList;
			buildConfigurations = (
				45D1C9732BF45DB500462459 /* Debug */,
				45D1C9742BF45DB500462459 /* Release */,
			);
			defaultConfigurationIsVisible = 0;
			defaultConfigurationName = Release;
		};
		45D6B1192BF429BF0052D400 /* Build configuration list for PBXProject "MapLibreNavigationExampleApp" */ = {
			isa = XCConfigurationList;
			buildConfigurations = (
				45D6B1402BF429C10052D400 /* Debug */,
				45D6B1412BF429C10052D400 /* Release */,
			);
			defaultConfigurationIsVisible = 0;
			defaultConfigurationName = Release;
		};
		45D6B1422BF429C10052D400 /* Build configuration list for PBXNativeTarget "MapLibreNavigationExampleApp" */ = {
			isa = XCConfigurationList;
			buildConfigurations = (
				45D6B1432BF429C10052D400 /* Debug */,
				45D6B1442BF429C10052D400 /* Release */,
			);
			defaultConfigurationIsVisible = 0;
			defaultConfigurationName = Release;
		};
		45D6B1452BF429C10052D400 /* Build configuration list for PBXNativeTarget "MapLibreNavigationExampleAppTests" */ = {
			isa = XCConfigurationList;
			buildConfigurations = (
				45D6B1462BF429C10052D400 /* Debug */,
				45D6B1472BF429C10052D400 /* Release */,
			);
			defaultConfigurationIsVisible = 0;
			defaultConfigurationName = Release;
		};
		45D6B1482BF429C10052D400 /* Build configuration list for PBXNativeTarget "MapLibreNavigationExampleAppUITests" */ = {
			isa = XCConfigurationList;
			buildConfigurations = (
				45D6B1492BF429C10052D400 /* Debug */,
				45D6B14A2BF429C10052D400 /* Release */,
			);
			defaultConfigurationIsVisible = 0;
			defaultConfigurationName = Release;
		};
/* End XCConfigurationList section */

/* Begin XCRemoteSwiftPackageReference section */
		45D6B14B2BF429F20052D400 /* XCRemoteSwiftPackageReference "maplibre-navigation-ios" */ = {
			isa = XCRemoteSwiftPackageReference;
			repositoryURL = "https://github.com/maplibre/maplibre-navigation-ios";
			requirement = {
				branch = main;
				kind = branch;
			};
		};
/* End XCRemoteSwiftPackageReference section */

/* Begin XCSwiftPackageProductDependency section */
		45D1C9792BF460DD00462459 /* MapboxNavigation */ = {
			isa = XCSwiftPackageProductDependency;
			package = 45D6B14B2BF429F20052D400 /* XCRemoteSwiftPackageReference "maplibre-navigation-ios" */;
			productName = MapboxNavigation;
		};
		45D6B14C2BF429F20052D400 /* MapboxNavigation */ = {
			isa = XCSwiftPackageProductDependency;
			package = 45D6B14B2BF429F20052D400 /* XCRemoteSwiftPackageReference "maplibre-navigation-ios" */;
			productName = MapboxNavigation;
		};
/* End XCSwiftPackageProductDependency section */
	};
	rootObject = 45D6B1162BF429BF0052D400 /* Project object */;
}
